
Microsoft Visual Studio Solution File, Format Version 12.00
# Visual Studio Version 16
VisualStudioVersion = 16.0.30717.126
MinimumVisualStudioVersion = 10.0.40219.1
Project("{9A19103F-16F7-4668-BE54-9A1E7A4F7556}") = "ComparerThing", "ComparerThing\ComparerThing.csproj", "{5EA2CBDC-6F53-485F-AEEF-66E98F02506E}"
EndProject
Project("{FAE04EC0-301F-11D3-BF4B-00C04F79EFBC}") = "ComparerTest", "ComparerTest\ComparerTest.csproj", "{B60DB4B2-73A3-4AFF-BC02-BAEA5A81592B}"
EndProject
Global
	GlobalSection(SolutionConfigurationPlatforms) = preSolution
		Debug|Any CPU = Debug|Any CPU
		Debug|x64 = Debug|x64
		Debug|x86 = Debug|x86
		Release|Any CPU = Release|Any CPU
		Release|x64 = Release|x64
		Release|x86 = Release|x86
	EndGlobalSection
	GlobalSection(ProjectConfigurationPlatforms) = postSolution
		{5EA2CBDC-6F53-485F-AEEF-66E98F02506E}.Debug|Any CPU.ActiveCfg = Debug|Any CPU
		{5EA2CBDC-6F53-485F-AEEF-66E98F02506E}.Debug|Any CPU.Build.0 = Debug|Any CPU
		{5EA2CBDC-6F53-485F-AEEF-66E98F02506E}.Debug|x64.ActiveCfg = Debug|Any CPU
		{5EA2CBDC-6F53-485F-AEEF-66E98F02506E}.Debug|x64.Build.0 = Debug|Any CPU
		{5EA2CBDC-6F53-485F-AEEF-66E98F02506E}.Debug|x86.ActiveCfg = Debug|Any CPU
		{5EA2CBDC-6F53-485F-AEEF-66E98F02506E}.Debug|x86.Build.0 = Debug|Any CPU
		{5EA2CBDC-6F53-485F-AEEF-66E98F02506E}.Release|Any CPU.ActiveCfg = Release|Any CPU
		{5EA2CBDC-6F53-485F-AEEF-66E98F02506E}.Release|Any CPU.Build.0 = Release|Any CPU
		{5EA2CBDC-6F53-485F-AEEF-66E98F02506E}.Release|x64.ActiveCfg = Release|Any CPU
		{5EA2CBDC-6F53-485F-AEEF-66E98F02506E}.Release|x64.Build.0 = Release|Any CPU
		{5EA2CBDC-6F53-485F-AEEF-66E98F02506E}.Release|x86.ActiveCfg = Release|Any CPU
		{5EA2CBDC-6F53-485F-AEEF-66E98F02506E}.Release|x86.Build.0 = Release|Any CPU
		{B60DB4B2-73A3-4AFF-BC02-BAEA5A81592B}.Debug|Any CPU.ActiveCfg = Debug|Any CPU
		{B60DB4B2-73A3-4AFF-BC02-BAEA5A81592B}.Debug|Any CPU.Build.0 = Debug|Any CPU
		{B60DB4B2-73A3-4AFF-BC02-BAEA5A81592B}.Debug|x64.ActiveCfg = Debug|Any CPU
		{B60DB4B2-73A3-4AFF-BC02-BAEA5A81592B}.Debug|x64.Build.0 = Debug|Any CPU
		{B60DB4B2-73A3-4AFF-BC02-BAEA5A81592B}.Debug|x86.ActiveCfg = Debug|Any CPU
		{B60DB4B2-73A3-4AFF-BC02-BAEA5A81592B}.Debug|x86.Build.0 = Debug|Any CPU
		{B60DB4B2-73A3-4AFF-BC02-BAEA5A81592B}.Release|Any CPU.ActiveCfg = Release|Any CPU
		{B60DB4B2-73A3-4AFF-BC02-BAEA5A81592B}.Release|Any CPU.Build.0 = Release|Any CPU
		{B60DB4B2-73A3-4AFF-BC02-BAEA5A81592B}.Release|x64.ActiveCfg = Release|Any CPU
		{B60DB4B2-73A3-4AFF-BC02-BAEA5A81592B}.Release|x64.Build.0 = Release|Any CPU
		{B60DB4B2-73A3-4AFF-BC02-BAEA5A81592B}.Release|x86.ActiveCfg = Release|Any CPU
		{B60DB4B2-73A3-4AFF-BC02-BAEA5A81592B}.Release|x86.Build.0 = Release|Any CPU
	EndGlobalSection
	GlobalSection(SolutionProperties) = preSolution
		HideSolutionNode = FALSE
	EndGlobalSection
	GlobalSection(ExtensibilityGlobals) = postSolution
		SolutionGuid = {D68D2AD7-7280-4355-AEBE-D36D8072CF2A}
	EndGlobalSection
EndGlobal
